
Microsoft Visual Studio Solution File, Format Version 12.00
Project("{FAE04EC0-301F-11D3-BF4B-00C04F79EFBC}") = "ConsoleApp3", "ConsoleApp3.csproj", "{FFFDDF15-8228-44B0-BDE1-7481F6C67B06}"
EndProject
Global
	GlobalSection(SolutionConfigurationPlatforms) = preSolution
		Debug|Any CPU = Debug|Any CPU
		Release|Any CPU = Release|Any CPU
	EndGlobalSection
	GlobalSection(ProjectConfigurationPlatforms) = postSolution
		{FFFDDF15-8228-44B0-BDE1-7481F6C67B06}.Debug|Any CPU.ActiveCfg = Debug|Any CPU
		{FFFDDF15-8228-44B0-BDE1-7481F6C67B06}.Debug|Any CPU.Build.0 = Debug|Any CPU
		{FFFDDF15-8228-44B0-BDE1-7481F6C67B06}.Release|Any CPU.ActiveCfg = Release|Any CPU
		{FFFDDF15-8228-44B0-BDE1-7481F6C67B06}.Release|Any CPU.Build.0 = Release|Any CPU
	EndGlobalSection
EndGlobal
